{
  "name": "camera.calmery.moe",
  "version": "1.0.0",
  "lockfileVersion": 2,
  "requires": true,
  "packages": {
    "": {
      "version": "1.0.0",
      "license": "MIT",
      "engines": {
        "node": ">=14.15.0 <15",
        "npm": ">=7.0.0 <8"
      },
      "funding": {
        "url": "https://calmery.fanbox.cc/"
      }
    }
  }
}
