{
  "name": "camera.calmery.moe",
  "lockfileVersion": 2,
  "requires": true,
  "packages": {
    "": {
      "devDependencies": {
        "prisma": "3.1.1"
      },
      "engines": {
        "node": "16.9.1",
        "npm": "7.24.0"
      }
    },
    "node_modules/@prisma/engines": {
      "version": "3.1.0-24.c22652b7e418506fab23052d569b85d3aec4883f",
      "resolved": "https://registry.npmjs.org/@prisma/engines/-/engines-3.1.0-24.c22652b7e418506fab23052d569b85d3aec4883f.tgz",
      "integrity": "sha512-6NEp0VlLho3hVtIvj2P4h0e19AYqQSXtFGts8gSIXDnV+l5pRFZaDMfGo2RiLMR0Kfrs8c3ZYxYX0sWmVL0tWw==",
      "dev": true,
      "hasInstallScript": true
    },
    "node_modules/prisma": {
      "version": "3.1.1",
      "resolved": "https://registry.npmjs.org/prisma/-/prisma-3.1.1.tgz",
      "integrity": "sha512-+eZtWIL6hnOKUOvqq9WLBzSw2d/EbTmOx1Td1LI8/0XE40ctXMLG2N1p6NK5/+yivGaoNJ9PDpPsPL9lO4nJrQ==",
      "dev": true,
      "hasInstallScript": true,
      "dependencies": {
        "@prisma/engines": "3.1.0-24.c22652b7e418506fab23052d569b85d3aec4883f"
      },
      "bin": {
        "prisma": "build/index.js",
        "prisma2": "build/index.js"
      },
      "engines": {
        "node": ">=12.6"
      }
    }
  },
  "dependencies": {
    "@prisma/engines": {
      "version": "3.1.0-24.c22652b7e418506fab23052d569b85d3aec4883f",
      "resolved": "https://registry.npmjs.org/@prisma/engines/-/engines-3.1.0-24.c22652b7e418506fab23052d569b85d3aec4883f.tgz",
      "integrity": "sha512-6NEp0VlLho3hVtIvj2P4h0e19AYqQSXtFGts8gSIXDnV+l5pRFZaDMfGo2RiLMR0Kfrs8c3ZYxYX0sWmVL0tWw==",
      "dev": true
    },
    "prisma": {
      "version": "3.1.1",
      "resolved": "https://registry.npmjs.org/prisma/-/prisma-3.1.1.tgz",
      "integrity": "sha512-+eZtWIL6hnOKUOvqq9WLBzSw2d/EbTmOx1Td1LI8/0XE40ctXMLG2N1p6NK5/+yivGaoNJ9PDpPsPL9lO4nJrQ==",
      "dev": true,
      "requires": {
        "@prisma/engines": "3.1.0-24.c22652b7e418506fab23052d569b85d3aec4883f"
      }
    }
  }
}
